# THIS IS AN AUTOGENERATED FILE. DO NOT EDIT THIS FILE DIRECTLY.
# yarn lockfile v1


accepts@1.0.1:
  version "1.0.1"
  resolved "https://registry.yarnpkg.com/accepts/-/accepts-1.0.1.tgz#c1e06d613e6246ba874678d6d9b92389b7ce310c"
  dependencies:
    mime "~1.2.11"
    negotiator "~0.4.0"

balanced-match@^0.4.1:
  version "0.4.2"
  resolved "https://registry.yarnpkg.com/balanced-match/-/balanced-match-0.4.2.tgz#cb3f3e3c732dc0f01ee70b403f302e61d7709838"

body-parser@~1.0.0:
  version "1.0.2"
  resolved "https://registry.yarnpkg.com/body-parser/-/body-parser-1.0.2.tgz#3461479a3278fe00fcaebec3314bb54fc4f7b47c"
  dependencies:
    qs "~0.6.6"
    raw-body "~1.1.2"
    type-is "~1.1.0"

brace-expansion@^1.0.0:
  version "1.1.7"
  resolved "https://registry.yarnpkg.com/brace-expansion/-/brace-expansion-1.1.7.tgz#3effc3c50e000531fb720eaff80f0ae8ef23cf59"
  dependencies:
    balanced-match "^0.4.1"
    concat-map "0.0.1"

buffer-crc32@0.2.1:
  version "0.2.1"
  resolved "https://registry.yarnpkg.com/buffer-crc32/-/buffer-crc32-0.2.1.tgz#be3e5382fc02b6d6324956ac1af98aa98b08534c"

busboy@^0.2.9:
  version "0.2.14"
  resolved "https://registry.yarnpkg.com/busboy/-/busboy-0.2.14.tgz#6c2a622efcf47c57bbbe1e2a9c37ad36c7925453"
  dependencies:
    dicer "0.2.5"
    readable-stream "1.1.x"

bytes@0.3.0:
  version "0.3.0"
  resolved "https://registry.yarnpkg.com/bytes/-/bytes-0.3.0.tgz#78e2e0e28c7f9c7b988ea8aee0db4d5fa9941935"

bytes@1:
  version "1.0.0"
  resolved "https://registry.yarnpkg.com/bytes/-/bytes-1.0.0.tgz#3569ede8ba34315fab99c3e92cb04c7220de1fa8"

concat-map@0.0.1:
  version "0.0.1"
  resolved "https://registry.yarnpkg.com/concat-map/-/concat-map-0.0.1.tgz#d8a96bd77fd68df7793a73036a3ba0d5405d477b"

cookie-parser@~1.0.1:
  version "1.0.1"
  resolved "https://registry.yarnpkg.com/cookie-parser/-/cookie-parser-1.0.1.tgz#17bd622c9717cd0858a912a9fef4c0362360a7b0"
  dependencies:
    cookie "0.1.0"
    cookie-signature "1.0.3"

cookie-signature@1.0.3:
  version "1.0.3"
  resolved "https://registry.yarnpkg.com/cookie-signature/-/cookie-signature-1.0.3.tgz#91cd997cc51fb641595738c69cda020328f50ff9"

cookie@0.1.0:
  version "0.1.0"
  resolved "https://registry.yarnpkg.com/cookie/-/cookie-0.1.0.tgz#90eb469ddce905c866de687efc43131d8801f9d0"

cookie@0.1.2:
  version "0.1.2"
  resolved "https://registry.yarnpkg.com/cookie/-/cookie-0.1.2.tgz#72fec3d24e48a3432073d90c12642005061004b1"

core-util-is@~1.0.0:
  version "1.0.2"
  resolved "https://registry.yarnpkg.com/core-util-is/-/core-util-is-1.0.2.tgz#b5fd54220aa2bc5ab57aab7140c940754503c1a7"

debug@0.8.0:
  version "0.8.0"
  resolved "https://registry.yarnpkg.com/debug/-/debug-0.8.0.tgz#0541ea91f0e503fdf0c5eed418a32550234967f0"

debug@0.8.1:
  version "0.8.1"
  resolved "https://registry.yarnpkg.com/debug/-/debug-0.8.1.tgz#20ff4d26f5e422cb68a1bacbbb61039ad8c1c130"

debug@~0.7.4:
  version "0.7.4"
  resolved "https://registry.yarnpkg.com/debug/-/debug-0.7.4.tgz#06e1ea8082c2cb14e39806e22e2f6f757f92af39"

dicer@0.2.5:
  version "0.2.5"
  resolved "https://registry.yarnpkg.com/dicer/-/dicer-0.2.5.tgz#5996c086bb33218c812c090bddc09cd12facb70f"
  dependencies:
    readable-stream "1.1.x"
    streamsearch "0.1.2"

ejs@^1.0.0:
  version "1.0.0"
  resolved "https://registry.yarnpkg.com/ejs/-/ejs-1.0.0.tgz#c9c60a48a46ee452fb32a71c317b95e5aa1fcb3d"

escape-html@1.0.1:
  version "1.0.1"
  resolved "https://registry.yarnpkg.com/escape-html/-/escape-html-1.0.1.tgz#181a286ead397a39a92857cfb1d43052e356bff0"

express@~4.2.0:
  version "4.2.0"
  resolved "https://registry.yarnpkg.com/express/-/express-4.2.0.tgz#3121993a45126693e8bf897aefb4dd783762dc60"
  dependencies:
    accepts "1.0.1"
    buffer-crc32 "0.2.1"
    cookie "0.1.2"
    cookie-signature "1.0.3"
    debug "0.8.1"
    escape-html "1.0.1"
    fresh "0.2.2"
    merge-descriptors "0.0.2"
    methods "1.0.0"
    parseurl "1.0.1"
    path-to-regexp "0.1.2"
    qs "0.6.6"
    range-parser "1.0.0"
    send "0.3.0"
    serve-static "1.1.0"
    type-is "1.1.0"
    utils-merge "1.0.0"

fresh@0.2.2, fresh@~0.2.1:
  version "0.2.2"
  resolved "https://registry.yarnpkg.com/fresh/-/fresh-0.2.2.tgz#9731dcf5678c7faeb44fb903c4f72df55187fa77"

fs-extra@^0.11.0:
  version "0.11.1"
  resolved "https://registry.yarnpkg.com/fs-extra/-/fs-extra-0.11.1.tgz#df104f94cc841eef8fafe2a446c88f5d35bb2e79"
  dependencies:
    jsonfile "^2.0.0"
    mkdirp "^0.5.0"
    ncp "^0.6.0"
    rimraf "^2.2.8"

fs.realpath@^1.0.0:
  version "1.0.0"
  resolved "https://registry.yarnpkg.com/fs.realpath/-/fs.realpath-1.0.0.tgz#1504ad2523158caa40db4a2787cb01411994ea4f"

glob@^7.0.5:
  version "7.1.1"
  resolved "https://registry.yarnpkg.com/glob/-/glob-7.1.1.tgz#805211df04faaf1c63a3600306cdf5ade50b2ec8"
  dependencies:
    fs.realpath "^1.0.0"
    inflight "^1.0.4"
    inherits "2"
    minimatch "^3.0.2"
    once "^1.3.0"
    path-is-absolute "^1.0.0"

graceful-fs@^4.1.6:
  version "4.1.11"
  resolved "https://registry.yarnpkg.com/graceful-fs/-/graceful-fs-4.1.11.tgz#0e8bdfe4d1ddb8854d64e04ea7c00e2a026e5658"

inflight@^1.0.4:
  version "1.0.6"
  resolved "https://registry.yarnpkg.com/inflight/-/inflight-1.0.6.tgz#49bd6331d7d02d0c09bc910a1075ba8165b56df9"
  dependencies:
    once "^1.3.0"
    wrappy "1"

inherits@2, inherits@~2.0.1:
  version "2.0.3"
  resolved "https://registry.yarnpkg.com/inherits/-/inherits-2.0.3.tgz#633c2c83e3da42a502f52466022480f4208261de"

isarray@0.0.1:
  version "0.0.1"
  resolved "https://registry.yarnpkg.com/isarray/-/isarray-0.0.1.tgz#8a18acfca9a8f4177e09abfc6038939b05d1eedf"

jsonfile@^2.0.0:
  version "2.4.0"
  resolved "https://registry.yarnpkg.com/jsonfile/-/jsonfile-2.4.0.tgz#3736a2b428b87bbda0cc83b53fa3d633a35c2ae8"
  optionalDependencies:
    graceful-fs "^4.1.6"

merge-descriptors@0.0.2:
  version "0.0.2"
  resolved "https://registry.yarnpkg.com/merge-descriptors/-/merge-descriptors-0.0.2.tgz#c36a52a781437513c57275f39dd9d317514ac8c7"

methods@1.0.0:
  version "1.0.0"
  resolved "https://registry.yarnpkg.com/methods/-/methods-1.0.0.tgz#9a73d86375dfcef26ef61ca3e4b8a2e2538a80e3"

mime@1.2.11, mime@~1.2.11:
  version "1.2.11"
  resolved "https://registry.yarnpkg.com/mime/-/mime-1.2.11.tgz#58203eed86e3a5ef17aed2b7d9ebd47f0a60dd10"

minimatch@^3.0.2:
  version "3.0.3"
  resolved "https://registry.yarnpkg.com/minimatch/-/minimatch-3.0.3.tgz#2a4e4090b96b2db06a9d7df01055a62a77c9b774"
  dependencies:
    brace-expansion "^1.0.0"

minimist@0.0.8:
  version "0.0.8"
  resolved "https://registry.yarnpkg.com/minimist/-/minimist-0.0.8.tgz#857fcabfc3397d2625b8228262e86aa7a011b05d"

mkdirp@^0.5.0:
  version "0.5.1"
  resolved "https://registry.yarnpkg.com/mkdirp/-/mkdirp-0.5.1.tgz#30057438eac6cf7f8c4767f38648d6697d75c903"
  dependencies:
    minimist "0.0.8"

morgan@~1.0.0:
  version "1.0.1"
  resolved "https://registry.yarnpkg.com/morgan/-/morgan-1.0.1.tgz#8250a5d711de625453022945344d4d6762630c64"
  dependencies:
    bytes "0.3.0"

ncp@^0.6.0:
  version "0.6.0"
  resolved "https://registry.yarnpkg.com/ncp/-/ncp-0.6.0.tgz#df8ce021e262be21b52feb3d3e5cfaab12491f0d"

negotiator@~0.4.0:
  version "0.4.9"
  resolved "https://registry.yarnpkg.com/negotiator/-/negotiator-0.4.9.tgz#92e46b6db53c7e421ed64a2bc94f08be7630df3f"

node-snowflake@0.0.1:
  version "0.0.1"
  resolved "https://registry.yarnpkg.com/node-snowflake/-/node-snowflake-0.0.1.tgz#0be5eabd5b1131f639e63e89c5f82daa814b3ab9"

once@^1.3.0:
  version "1.4.0"
  resolved "https://registry.yarnpkg.com/once/-/once-1.4.0.tgz#583b1aa775961d4b113ac17d9c50baef9dd76bd1"
  dependencies:
    wrappy "1"

parseurl@1.0.1:
  version "1.0.1"
  resolved "https://registry.yarnpkg.com/parseurl/-/parseurl-1.0.1.tgz#2e57dce6efdd37c3518701030944c22bf388b7b4"

path-is-absolute@^1.0.0:
  version "1.0.1"
  resolved "https://registry.yarnpkg.com/path-is-absolute/-/path-is-absolute-1.0.1.tgz#174b9268735534ffbc7ace6bf53a5a9e1b5c5f5f"

path-to-regexp@0.1.2:
  version "0.1.2"
  resolved "https://registry.yarnpkg.com/path-to-regexp/-/path-to-regexp-0.1.2.tgz#9b2b151f9cc3018c9eea50ca95729e05781712b4"

qs@0.6.6, qs@~0.6.6:
  version "0.6.6"
  resolved "https://registry.yarnpkg.com/qs/-/qs-0.6.6.tgz#6e015098ff51968b8a3c819001d5f2c89bc4b107"

range-parser@1.0.0, range-parser@~1.0.0:
  version "1.0.0"
  resolved "https://registry.yarnpkg.com/range-parser/-/range-parser-1.0.0.tgz#a4b264cfe0be5ce36abe3765ac9c2a248746dbc0"

raw-body@~1.1.2:
  version "1.1.7"
  resolved "https://registry.yarnpkg.com/raw-body/-/raw-body-1.1.7.tgz#1d027c2bfa116acc6623bca8f00016572a87d425"
  dependencies:
    bytes "1"
    string_decoder "0.10"

readable-stream@1.1.x:
  version "1.1.14"
  resolved "https://registry.yarnpkg.com/readable-stream/-/readable-stream-1.1.14.tgz#7cf4c54ef648e3813084c636dd2079e166c081d9"
  dependencies:
    core-util-is "~1.0.0"
    inherits "~2.0.1"
    isarray "0.0.1"
    string_decoder "~0.10.x"

rimraf@^2.2.8:
  version "2.6.1"
  resolved "https://registry.yarnpkg.com/rimraf/-/rimraf-2.6.1.tgz#c2338ec643df7a1b7fe5c54fa86f57428a55f33d"
  dependencies:
    glob "^7.0.5"

send@0.3.0:
  version "0.3.0"
  resolved "https://registry.yarnpkg.com/send/-/send-0.3.0.tgz#9718324634806fc75bc4f8f5e51f57d9d66606e7"
  dependencies:
    buffer-crc32 "0.2.1"
    debug "0.8.0"
    fresh "~0.2.1"
    mime "1.2.11"
    range-parser "~1.0.0"

serve-static@1.1.0:
  version "1.1.0"
  resolved "https://registry.yarnpkg.com/serve-static/-/serve-static-1.1.0.tgz#454dfa05bb3ddd4e701a8915b83a278aa91c5643"
  dependencies:
    parseurl "1.0.1"
    send "0.3.0"

static-favicon@~1.0.0:
  version "1.0.2"
  resolved "https://registry.yarnpkg.com/static-favicon/-/static-favicon-1.0.2.tgz#7c15920dda2bf33f414b0e60aebbd65cdd2a1d2f"

streamsearch@0.1.2:
  version "0.1.2"
  resolved "https://registry.yarnpkg.com/streamsearch/-/streamsearch-0.1.2.tgz#808b9d0e56fc273d809ba57338e929919a1a9f1a"

string_decoder@0.10, string_decoder@~0.10.x:
  version "0.10.31"
  resolved "https://registry.yarnpkg.com/string_decoder/-/string_decoder-0.10.31.tgz#62e203bc41766c6c28c9fc84301dab1c5310fa94"

type-is@1.1.0, type-is@~1.1.0:
  version "1.1.0"
  resolved "https://registry.yarnpkg.com/type-is/-/type-is-1.1.0.tgz#d0245ec8b2676668d59dd0cf3255060676a57db6"
  dependencies:
    mime "~1.2.11"

ueditor@^1.0.0:
  version "1.2.1"
  resolved "https://registry.yarnpkg.com/ueditor/-/ueditor-1.2.1.tgz#225b318d2e73677829bd8e3e6e490847f1c391c5"
  dependencies:
    busboy "^0.2.9"
    fs-extra "^0.11.0"
    node-snowflake "0.0.1"

utils-merge@1.0.0:
  version "1.0.0"
  resolved "https://registry.yarnpkg.com/utils-merge/-/utils-merge-1.0.0.tgz#0294fb922bb9375153541c4f7096231f287c8af8"

wrappy@1:
  version "1.0.2"
  resolved "https://registry.yarnpkg.com/wrappy/-/wrappy-1.0.2.tgz#b5243d8f3ec1aa35f1364605bc0d1036e30ab69f"
